<?xml version="1.0" encoding="UTF-8"?>
<CONFIG>
  <ProjectOptions>
    <Version Value="12"/>
    <PathDelim Value="\"/>
    <General>
      <SessionStorage Value="InProjectDir"/>
      <Title Value="viewer"/>
      <Scaled Value="True"/>
      <ResourceType Value="res"/>
      <UseXPManifest Value="True"/>
      <XPManifest>
        <DpiAware Value="True"/>
      </XPManifest>
    </General>
    <BuildModes>
      <Item Name="Default" Default="True"/>
    </BuildModes>
    <PublishOptions>
      <Version Value="2"/>
      <UseFileFilters Value="True"/>
    </PublishOptions>
    <RunParams>
      <FormatVersion Value="2"/>
    </RunParams>
    <RequiredPackages>
      <Item>
        <PackageName Value="LCL"/>
      </Item>
    </RequiredPackages>
    <Units>
      <Unit>
        <Filename Value="Viewer.lpr"/>
        <IsPartOfProject Value="True"/>
        <UnitName Value="viewer"/>
      </Unit>
      <Unit>
        <Filename Value="frmoperation.pas"/>
        <IsPartOfProject Value="True"/>
        <ComponentName Value="OperationForm"/>
        <HasResources Value="True"/>
        <ResourceBaseClass Value="Form"/>
        <UnitName Value="frmOperation"/>
      </Unit>
      <Unit>
        <Filename Value="frmviewer.pas"/>
        <IsPartOfProject Value="True"/>
        <ComponentName Value="ViewerForm"/>
        <HasResources Value="True"/>
        <ResourceBaseClass Value="Form"/>
        <UnitName Value="frmViewer"/>
      </Unit>
      <Unit>
        <Filename Value="pdfimagecreator.pas"/>
        <IsPartOfProject Value="True"/>
        <UnitName Value="PdfImageCreator"/>
      </Unit>
      <Unit>
        <Filename Value="ViewerModel.pas"/>
        <IsPartOfProject Value="True"/>
      </Unit>
      <Unit>
        <Filename Value="pageformunit.pas"/>
        <IsPartOfProject Value="True"/>
        <ComponentName Value="PageForm"/>
        <HasResources Value="True"/>
        <ResourceBaseClass Value="Form"/>
        <UnitName Value="PageFormUnit"/>
      </Unit>
      <Unit>
        <Filename Value="iviewunit.pas"/>
        <IsPartOfProject Value="True"/>
        <UnitName Value="IViewUnit"/>
      </Unit>
      <Unit>
        <Filename Value="settingformunit.pas"/>
        <IsPartOfProject Value="True"/>
        <ComponentName Value="SettingForm"/>
        <HasResources Value="True"/>
        <ResourceBaseClass Value="Form"/>
        <UnitName Value="SettingFormUnit"/>
      </Unit>
      <Unit>
        <Filename Value="formsizecustomizerunit.pas"/>
        <IsPartOfProject Value="True"/>
        <UnitName Value="FormSizeCustomizerUnit"/>
      </Unit>
      <Unit>
        <Filename Value="imagecreatorunit.pas"/>
        <IsPartOfProject Value="True"/>
        <UnitName Value="ImageCreatorUnit"/>
      </Unit>
      <Unit>
        <Filename Value="zoomunit.pas"/>
        <IsPartOfProject Value="True"/>
        <UnitName Value="ZoomUnit"/>
      </Unit>
      <Unit>
        <Filename Value="zoomcacheunit.pas"/>
        <IsPartOfProject Value="True"/>
        <UnitName Value="ZoomCacheUnit"/>
      </Unit>
    </Units>
  </ProjectOptions>
  <CompilerOptions>
    <Version Value="11"/>
    <PathDelim Value="\"/>
    <Target>
      <Filename Value="viewer"/>
    </Target>
    <SearchPaths>
      <IncludeFiles Value="$(ProjOutDir)"/>
      <UnitOutputDirectory Value="lib\$(TargetCPU)-$(TargetOS)"/>
    </SearchPaths>
    <Linking>
      <Debugging>
        <DebugInfoType Value="dsDwarf3"/>
      </Debugging>
      <Options>
        <Win32>
          <GraphicApplication Value="True"/>
        </Win32>
      </Options>
    </Linking>
  </CompilerOptions>
  <Debugging>
    <Exceptions>
      <Item>
        <Name Value="EAbort"/>
      </Item>
      <Item>
        <Name Value="ECodetoolError"/>
      </Item>
      <Item>
        <Name Value="EFOpenError"/>
      </Item>
    </Exceptions>
  </Debugging>
</CONFIG>
